
Microsoft Visual Studio Solution File, Format Version 12.00
# Visual Studio Version 17
VisualStudioVersion = 17.7.34221.43
MinimumVisualStudioVersion = 10.0.40219.1
Project("{2150E333-8FDC-42A3-9474-1A3956D46DE8}") = "Src", "Src", "{2FBEDA99-82AC-4722-B35E-BC41CA00AC26}"
EndProject
Project("{2150E333-8FDC-42A3-9474-1A3956D46DE8}") = "Test", "Test", "{5B1E31FA-7CE1-44CA-B88F-7A9EC28E39DA}"
EndProject
Project("{2150E333-8FDC-42A3-9474-1A3956D46DE8}") = "Product", "Product", "{A9BBF542-5182-48E3-8ABF-3C43B8D3ACBC}"
EndProject
Project("{2150E333-8FDC-42A3-9474-1A3956D46DE8}") = "Discount", "Discount", "{BFE8BD7E-5416-4CDF-A578-8DEC354F12AB}"
EndProject
Project("{2150E333-8FDC-42A3-9474-1A3956D46DE8}") = "Order", "Order", "{5FA53728-F069-48BE-A420-CCAF66F5E492}"
EndProject
Project("{9A19103F-16F7-4668-BE54-9A1E7A4F7556}") = "Discount.Api", "Src\Discount\Discount.Api\Discount.Api.csproj", "{40769EA3-1F8F-4362-A6CC-78E48F50E1C5}"
EndProject
Project("{9A19103F-16F7-4668-BE54-9A1E7A4F7556}") = "Order.Api", "Src\Order\Order.Api\Order.Api.csproj", "{1428CC04-8074-41A2-AA3C-5D0BC9E8934F}"
EndProject
Project("{9A19103F-16F7-4668-BE54-9A1E7A4F7556}") = "XTestTemplate", "Test\XTestTemplate\XTestTemplate.csproj", "{7FC4A222-AC39-489B-9501-307CD93D4D44}"
EndProject
Project("{2150E333-8FDC-42A3-9474-1A3956D46DE8}") = "core", "core", "{0E902E44-C8A7-4933-B437-9E6F7BB52194}"
EndProject
Project("{2150E333-8FDC-42A3-9474-1A3956D46DE8}") = "Presentation", "Presentation", "{69689C7B-D50E-4E64-A5D1-CF148CF93550}"
EndProject
Project("{2150E333-8FDC-42A3-9474-1A3956D46DE8}") = "Infrastructure", "Infrastructure", "{410AB880-76A5-475C-B031-ED87299A75C2}"
EndProject
Project("{9A19103F-16F7-4668-BE54-9A1E7A4F7556}") = "Domin", "Src\Product\Core\Domin\Domin.csproj", "{9796ACF0-93CD-430B-8E12-BD37CFAA94DF}"
EndProject
Project("{9A19103F-16F7-4668-BE54-9A1E7A4F7556}") = "Application", "Src\Product\Core\Application\Application.csproj", "{4BAF8BCF-BEF4-4342-8DA7-24E5586945FB}"
EndProject
Project("{9A19103F-16F7-4668-BE54-9A1E7A4F7556}") = "Infrastructure.Persistence", "Src\Product\Infrastructure\Infrastructure.Persistence\Infrastructure.Persistence.csproj", "{E8CD1B38-8BE6-468B-84C6-D230F5D6E634}"
EndProject
Project("{9A19103F-16F7-4668-BE54-9A1E7A4F7556}") = "Product.Api", "Src\Product\Presentation\Product.Api\Product.Api.csproj", "{6A89EC2D-C77A-42CD-ADDD-6AE6FD56FF08}"
EndProject
Project("{9A19103F-16F7-4668-BE54-9A1E7A4F7556}") = "Discount_Infra", "Src\Discount\Discount_Infra\Discount_Infra.csproj", "{1F4C77AA-FF0A-4777-BF6C-18930D29BB7E}"
EndProject
Project("{9A19103F-16F7-4668-BE54-9A1E7A4F7556}") = "Order_Infra", "Src\Order\Order_Infra\Order_Infra.csproj", "{B8A438F0-1254-4694-AC8B-812D6C34F711}"
EndProject
Global
	GlobalSection(SolutionConfigurationPlatforms) = preSolution
		Debug|Any CPU = Debug|Any CPU
		Release|Any CPU = Release|Any CPU
	EndGlobalSection
	GlobalSection(ProjectConfigurationPlatforms) = postSolution
		{40769EA3-1F8F-4362-A6CC-78E48F50E1C5}.Debug|Any CPU.ActiveCfg = Debug|Any CPU
		{40769EA3-1F8F-4362-A6CC-78E48F50E1C5}.Debug|Any CPU.Build.0 = Debug|Any CPU
		{40769EA3-1F8F-4362-A6CC-78E48F50E1C5}.Release|Any CPU.ActiveCfg = Release|Any CPU
		{40769EA3-1F8F-4362-A6CC-78E48F50E1C5}.Release|Any CPU.Build.0 = Release|Any CPU
		{1428CC04-8074-41A2-AA3C-5D0BC9E8934F}.Debug|Any CPU.ActiveCfg = Debug|Any CPU
		{1428CC04-8074-41A2-AA3C-5D0BC9E8934F}.Debug|Any CPU.Build.0 = Debug|Any CPU
		{1428CC04-8074-41A2-AA3C-5D0BC9E8934F}.Release|Any CPU.ActiveCfg = Release|Any CPU
		{1428CC04-8074-41A2-AA3C-5D0BC9E8934F}.Release|Any CPU.Build.0 = Release|Any CPU
		{7FC4A222-AC39-489B-9501-307CD93D4D44}.Debug|Any CPU.ActiveCfg = Debug|Any CPU
		{7FC4A222-AC39-489B-9501-307CD93D4D44}.Debug|Any CPU.Build.0 = Debug|Any CPU
		{7FC4A222-AC39-489B-9501-307CD93D4D44}.Release|Any CPU.ActiveCfg = Release|Any CPU
		{7FC4A222-AC39-489B-9501-307CD93D4D44}.Release|Any CPU.Build.0 = Release|Any CPU
		{9796ACF0-93CD-430B-8E12-BD37CFAA94DF}.Debug|Any CPU.ActiveCfg = Debug|Any CPU
		{9796ACF0-93CD-430B-8E12-BD37CFAA94DF}.Debug|Any CPU.Build.0 = Debug|Any CPU
		{9796ACF0-93CD-430B-8E12-BD37CFAA94DF}.Release|Any CPU.ActiveCfg = Release|Any CPU
		{9796ACF0-93CD-430B-8E12-BD37CFAA94DF}.Release|Any CPU.Build.0 = Release|Any CPU
		{4BAF8BCF-BEF4-4342-8DA7-24E5586945FB}.Debug|Any CPU.ActiveCfg = Debug|Any CPU
		{4BAF8BCF-BEF4-4342-8DA7-24E5586945FB}.Debug|Any CPU.Build.0 = Debug|Any CPU
		{4BAF8BCF-BEF4-4342-8DA7-24E5586945FB}.Release|Any CPU.ActiveCfg = Release|Any CPU
		{4BAF8BCF-BEF4-4342-8DA7-24E5586945FB}.Release|Any CPU.Build.0 = Release|Any CPU
		{E8CD1B38-8BE6-468B-84C6-D230F5D6E634}.Debug|Any CPU.ActiveCfg = Debug|Any CPU
		{E8CD1B38-8BE6-468B-84C6-D230F5D6E634}.Debug|Any CPU.Build.0 = Debug|Any CPU
		{E8CD1B38-8BE6-468B-84C6-D230F5D6E634}.Release|Any CPU.ActiveCfg = Release|Any CPU
		{E8CD1B38-8BE6-468B-84C6-D230F5D6E634}.Release|Any CPU.Build.0 = Release|Any CPU
		{6A89EC2D-C77A-42CD-ADDD-6AE6FD56FF08}.Debug|Any CPU.ActiveCfg = Debug|Any CPU
		{6A89EC2D-C77A-42CD-ADDD-6AE6FD56FF08}.Debug|Any CPU.Build.0 = Debug|Any CPU
		{6A89EC2D-C77A-42CD-ADDD-6AE6FD56FF08}.Release|Any CPU.ActiveCfg = Release|Any CPU
		{6A89EC2D-C77A-42CD-ADDD-6AE6FD56FF08}.Release|Any CPU.Build.0 = Release|Any CPU
		{1F4C77AA-FF0A-4777-BF6C-18930D29BB7E}.Debug|Any CPU.ActiveCfg = Debug|Any CPU
		{1F4C77AA-FF0A-4777-BF6C-18930D29BB7E}.Debug|Any CPU.Build.0 = Debug|Any CPU
		{1F4C77AA-FF0A-4777-BF6C-18930D29BB7E}.Release|Any CPU.ActiveCfg = Release|Any CPU
		{1F4C77AA-FF0A-4777-BF6C-18930D29BB7E}.Release|Any CPU.Build.0 = Release|Any CPU
		{B8A438F0-1254-4694-AC8B-812D6C34F711}.Debug|Any CPU.ActiveCfg = Debug|Any CPU
		{B8A438F0-1254-4694-AC8B-812D6C34F711}.Debug|Any CPU.Build.0 = Debug|Any CPU
		{B8A438F0-1254-4694-AC8B-812D6C34F711}.Release|Any CPU.ActiveCfg = Release|Any CPU
		{B8A438F0-1254-4694-AC8B-812D6C34F711}.Release|Any CPU.Build.0 = Release|Any CPU
	EndGlobalSection
	GlobalSection(SolutionProperties) = preSolution
		HideSolutionNode = FALSE
	EndGlobalSection
	GlobalSection(NestedProjects) = preSolution
		{A9BBF542-5182-48E3-8ABF-3C43B8D3ACBC} = {2FBEDA99-82AC-4722-B35E-BC41CA00AC26}
		{BFE8BD7E-5416-4CDF-A578-8DEC354F12AB} = {2FBEDA99-82AC-4722-B35E-BC41CA00AC26}
		{5FA53728-F069-48BE-A420-CCAF66F5E492} = {2FBEDA99-82AC-4722-B35E-BC41CA00AC26}
		{40769EA3-1F8F-4362-A6CC-78E48F50E1C5} = {BFE8BD7E-5416-4CDF-A578-8DEC354F12AB}
		{1428CC04-8074-41A2-AA3C-5D0BC9E8934F} = {5FA53728-F069-48BE-A420-CCAF66F5E492}
		{7FC4A222-AC39-489B-9501-307CD93D4D44} = {5B1E31FA-7CE1-44CA-B88F-7A9EC28E39DA}
		{0E902E44-C8A7-4933-B437-9E6F7BB52194} = {A9BBF542-5182-48E3-8ABF-3C43B8D3ACBC}
		{69689C7B-D50E-4E64-A5D1-CF148CF93550} = {A9BBF542-5182-48E3-8ABF-3C43B8D3ACBC}
		{410AB880-76A5-475C-B031-ED87299A75C2} = {A9BBF542-5182-48E3-8ABF-3C43B8D3ACBC}
		{9796ACF0-93CD-430B-8E12-BD37CFAA94DF} = {0E902E44-C8A7-4933-B437-9E6F7BB52194}
		{4BAF8BCF-BEF4-4342-8DA7-24E5586945FB} = {0E902E44-C8A7-4933-B437-9E6F7BB52194}
		{E8CD1B38-8BE6-468B-84C6-D230F5D6E634} = {410AB880-76A5-475C-B031-ED87299A75C2}
		{6A89EC2D-C77A-42CD-ADDD-6AE6FD56FF08} = {69689C7B-D50E-4E64-A5D1-CF148CF93550}
		{1F4C77AA-FF0A-4777-BF6C-18930D29BB7E} = {BFE8BD7E-5416-4CDF-A578-8DEC354F12AB}
		{B8A438F0-1254-4694-AC8B-812D6C34F711} = {5FA53728-F069-48BE-A420-CCAF66F5E492}
	EndGlobalSection
	GlobalSection(ExtensibilityGlobals) = postSolution
		SolutionGuid = {F306889D-F780-4E83-A568-9411B5399292}
	EndGlobalSection
EndGlobal
